<?xml version="1.0" encoding="UTF-8" standalone="yes" ?>
<CodeBlocks_project_file>
	<FileVersion major="1" minor="6" />
	<Project>
		<Option title="Code" />
		<Option compiler="gcc" />
		<Build>
			<Target title="default">
				<Option output="Cmakefiles" prefix_auto="1" extension_auto="1" />
				<Option type="0" />
				<Option compiler="gcc" />
			</Target>
		</Build>
		<Unit filename="..\..\LICENSE_1_0.txt" />
		<Unit filename="..\..\Makefile.gcc" />
		<Unit filename="..\..\Makefile.vc" />
		<Unit filename="..\..\Readme.txt" />
		<Unit filename="..\..\doc\Doxyfile" />
		<Unit filename="..\..\doc\src\ex-ecore.c">
			<Option compilerVar="CC" />
		</Unit>
		<Unit filename="..\..\doc\src\ex-emalloc.c">
			<Option compilerVar="CC" />
		</Unit>
		<Unit filename="..\..\doc\src\ex-estdio.c">
			<Option compilerVar="CC" />
		</Unit>
		<Unit filename="..\..\mkg++.bat" />
		<Unit filename="..\..\mkgcc.bat" />
		<Unit filename="..\..\mkvc++.bat" />
		<Unit filename="..\..\mkvc.bat" />
		<Unit filename="..\..\src\ecore.c">
			<Option compilerVar="CC" />
		</Unit>
		<Unit filename="..\..\src\ecore.h" />
		<Unit filename="..\..\src\emalloc.c">
			<Option compilerVar="CC" />
		</Unit>
		<Unit filename="..\..\src\emalloc.h" />
		<Unit filename="..\..\src\error.h" />
		<Unit filename="..\..\src\estdio.c">
			<Option compilerVar="CC" />
		</Unit>
		<Unit filename="..\..\src\estdio.h" />
		<Extensions>
			<code_completion />
			<envvars />
			<debugger />
		</Extensions>
	</Project>
</CodeBlocks_project_file>
